
Microsoft Visual Studio Solution File, Format Version 12.00
# Visual Studio Version 17
VisualStudioVersion = 17.1.32414.318
MinimumVisualStudioVersion = 10.0.40219.1
Project("{FAE04EC0-301F-11D3-BF4B-00C04F79EFBC}") = "ArtefactsManager", "ArtefactsManager.csproj", "{7928599B-B702-4FAA-AE7C-252F3AFFF909}"
EndProject
Global
	GlobalSection(SolutionConfigurationPlatforms) = preSolution
		Debug|Any CPU = Debug|Any CPU
		Release|Any CPU = Release|Any CPU
	EndGlobalSection
	GlobalSection(ProjectConfigurationPlatforms) = postSolution
		{7928599B-B702-4FAA-AE7C-252F3AFFF909}.Debug|Any CPU.ActiveCfg = Debug|Any CPU
		{7928599B-B702-4FAA-AE7C-252F3AFFF909}.Debug|Any CPU.Build.0 = Debug|Any CPU
		{7928599B-B702-4FAA-AE7C-252F3AFFF909}.Release|Any CPU.ActiveCfg = Release|Any CPU
		{7928599B-B702-4FAA-AE7C-252F3AFFF909}.Release|Any CPU.Build.0 = Release|Any CPU
	EndGlobalSection
	GlobalSection(SolutionProperties) = preSolution
		HideSolutionNode = FALSE
	EndGlobalSection
	GlobalSection(ExtensibilityGlobals) = postSolution
		SolutionGuid = {E543E8DC-E027-49AC-A86F-94B049E91BDB}
	EndGlobalSection
EndGlobal
